
Microsoft Visual Studio Solution File, Format Version 12.00
# Visual Studio Version 17
VisualStudioVersion = 17.3.32819.101
MinimumVisualStudioVersion = 10.0.40219.1
Project("{FAE04EC0-301F-11D3-BF4B-00C04F79EFBC}") = "MiscNonProjectConsole", "MiscNonProject\MiscNonProjectConsole.csproj", "{3621F730-2472-40F8-9CC9-45BFC2CBE102}"
EndProject
Project("{FAE04EC0-301F-11D3-BF4B-00C04F79EFBC}") = "PracticeProblems", "PracticeProblems\PracticeProblems.csproj", "{924B27F1-8709-4C5E-922E-7653719839CF}"
EndProject
Global
	GlobalSection(SolutionConfigurationPlatforms) = preSolution
		Debug|Any CPU = Debug|Any CPU
		Release|Any CPU = Release|Any CPU
	EndGlobalSection
	GlobalSection(ProjectConfigurationPlatforms) = postSolution
		{3621F730-2472-40F8-9CC9-45BFC2CBE102}.Debug|Any CPU.ActiveCfg = Debug|Any CPU
		{3621F730-2472-40F8-9CC9-45BFC2CBE102}.Debug|Any CPU.Build.0 = Debug|Any CPU
		{3621F730-2472-40F8-9CC9-45BFC2CBE102}.Release|Any CPU.ActiveCfg = Release|Any CPU
		{3621F730-2472-40F8-9CC9-45BFC2CBE102}.Release|Any CPU.Build.0 = Release|Any CPU
		{924B27F1-8709-4C5E-922E-7653719839CF}.Debug|Any CPU.ActiveCfg = Debug|Any CPU
		{924B27F1-8709-4C5E-922E-7653719839CF}.Debug|Any CPU.Build.0 = Debug|Any CPU
		{924B27F1-8709-4C5E-922E-7653719839CF}.Release|Any CPU.ActiveCfg = Release|Any CPU
		{924B27F1-8709-4C5E-922E-7653719839CF}.Release|Any CPU.Build.0 = Release|Any CPU
	EndGlobalSection
	GlobalSection(SolutionProperties) = preSolution
		HideSolutionNode = FALSE
	EndGlobalSection
	GlobalSection(ExtensibilityGlobals) = postSolution
		SolutionGuid = {1028FA78-ED65-48FC-A0F3-945C4EF14BAC}
	EndGlobalSection
EndGlobal
